
Microsoft Visual Studio Solution File, Format Version 12.00
# Visual Studio 14
VisualStudioVersion = 14.0.23107.0
MinimumVisualStudioVersion = 10.0.40219.1
Project("{FAE04EC0-301F-11D3-BF4B-00C04F79EFBC}") = "Attributes_Task1", "Attributes_Task1\Attributes_Task1.csproj", "{998C8C7B-7B7B-4A5C-985D-6543770CFCBB}"
EndProject
Global
	GlobalSection(SolutionConfigurationPlatforms) = preSolution
		Debug|Any CPU = Debug|Any CPU
		Release|Any CPU = Release|Any CPU
	EndGlobalSection
	GlobalSection(ProjectConfigurationPlatforms) = postSolution
		{998C8C7B-7B7B-4A5C-985D-6543770CFCBB}.Debug|Any CPU.ActiveCfg = Debug|Any CPU
		{998C8C7B-7B7B-4A5C-985D-6543770CFCBB}.Debug|Any CPU.Build.0 = Debug|Any CPU
		{998C8C7B-7B7B-4A5C-985D-6543770CFCBB}.Release|Any CPU.ActiveCfg = Release|Any CPU
		{998C8C7B-7B7B-4A5C-985D-6543770CFCBB}.Release|Any CPU.Build.0 = Release|Any CPU
	EndGlobalSection
	GlobalSection(SolutionProperties) = preSolution
		HideSolutionNode = FALSE
	EndGlobalSection
EndGlobal
